
Microsoft Visual Studio Solution File, Format Version 12.00
# Visual Studio Version 16
VisualStudioVersion = 16.0.31129.286
MinimumVisualStudioVersion = 10.0.40219.1
Project("{8BC9CEB8-8B4A-11D0-8D11-00A0C91BC942}") = "lab3", "lab3\lab3.vcxproj", "{5CB3272D-448B-420C-A3E4-E3209F0AF36B}"
EndProject
Global
	GlobalSection(SolutionConfigurationPlatforms) = preSolution
		Debug|x64 = Debug|x64
		Debug|x86 = Debug|x86
		Release|x64 = Release|x64
		Release|x86 = Release|x86
	EndGlobalSection
	GlobalSection(ProjectConfigurationPlatforms) = postSolution
		{5CB3272D-448B-420C-A3E4-E3209F0AF36B}.Debug|x64.ActiveCfg = Debug|x64
		{5CB3272D-448B-420C-A3E4-E3209F0AF36B}.Debug|x64.Build.0 = Debug|x64
		{5CB3272D-448B-420C-A3E4-E3209F0AF36B}.Debug|x86.ActiveCfg = Debug|Win32
		{5CB3272D-448B-420C-A3E4-E3209F0AF36B}.Debug|x86.Build.0 = Debug|Win32
		{5CB3272D-448B-420C-A3E4-E3209F0AF36B}.Release|x64.ActiveCfg = Release|x64
		{5CB3272D-448B-420C-A3E4-E3209F0AF36B}.Release|x64.Build.0 = Release|x64
		{5CB3272D-448B-420C-A3E4-E3209F0AF36B}.Release|x86.ActiveCfg = Release|Win32
		{5CB3272D-448B-420C-A3E4-E3209F0AF36B}.Release|x86.Build.0 = Release|Win32
	EndGlobalSection
	GlobalSection(SolutionProperties) = preSolution
		HideSolutionNode = FALSE
	EndGlobalSection
	GlobalSection(ExtensibilityGlobals) = postSolution
		SolutionGuid = {859D6E53-1E71-4FE3-BE8C-E52E4B33C3B7}
	EndGlobalSection
EndGlobal
